
Microsoft Visual Studio Solution File, Format Version 12.00
# Visual Studio Version 17
VisualStudioVersion = 17.1.32210.238
MinimumVisualStudioVersion = 10.0.40219.1
Project("{9A19103F-16F7-4668-BE54-9A1E7A4F7556}") = "Rennorb.Updater", "src\Test.csproj", "{94B06290-ABBA-4F38-8D4C-8C46FADDAF54}"
EndProject
Global
	GlobalSection(SolutionConfigurationPlatforms) = preSolution
		Debug|Any CPU = Debug|Any CPU
		Release|Any CPU = Release|Any CPU
	EndGlobalSection
	GlobalSection(ProjectConfigurationPlatforms) = postSolution
		{94B06290-ABBA-4F38-8D4C-8C46FADDAF54}.Debug|Any CPU.ActiveCfg = Debug|Any CPU
		{94B06290-ABBA-4F38-8D4C-8C46FADDAF54}.Debug|Any CPU.Build.0 = Debug|Any CPU
		{94B06290-ABBA-4F38-8D4C-8C46FADDAF54}.Release|Any CPU.ActiveCfg = Release|Any CPU
		{94B06290-ABBA-4F38-8D4C-8C46FADDAF54}.Release|Any CPU.Build.0 = Release|Any CPU
		{3340F1A5-46D7-4972-A1DD-237D547201B8}.Debug|Any CPU.ActiveCfg = Debug|Any CPU
		{3340F1A5-46D7-4972-A1DD-237D547201B8}.Debug|Any CPU.Build.0 = Debug|Any CPU
		{3340F1A5-46D7-4972-A1DD-237D547201B8}.Release|Any CPU.ActiveCfg = Release|Any CPU
		{3340F1A5-46D7-4972-A1DD-237D547201B8}.Release|Any CPU.Build.0 = Release|Any CPU
	EndGlobalSection
	GlobalSection(SolutionProperties) = preSolution
		HideSolutionNode = FALSE
	EndGlobalSection
	GlobalSection(ExtensibilityGlobals) = postSolution
		SolutionGuid = {B80A4E25-0203-479F-AB27-37DD5E7A2ED9}
	EndGlobalSection
EndGlobal
